// !$*UTF8*$!
{
	archiveVersion = 1;
	classes = {
	};
	objectVersion = 46;
	objects = {

/* Begin PBXBuildFile section */
		AB5DC91B13DFAB530092D43B /* Carbon.framework in Frameworks */ = {isa = PBXBuildFile; fileRef = AB5DC91A13DFAB530092D43B /* Carbon.framework */; };
		AB5DC93213DFAE190092D43B /* GMKApplication.m in Sources */ = {isa = PBXBuildFile; fileRef = AB5DC93113DFAE190092D43B /* GMKApplication.m */; };
		AB81362C13E484B40062D81A /* MAAttachedWindow.m in Sources */ = {isa = PBXBuildFile; fileRef = AB81362B13E484B40062D81A /* MAAttachedWindow.m */; };
		ABA168D513FE096C0024D2E6 /* MenuIcon.png in Resources */ = {isa = PBXBuildFile; fileRef = ABA168D413FE096C0024D2E6 /* MenuIcon.png */; };
		ABA1699C13FE16790024D2E6 /* MenuIcon.icns in Resources */ = {isa = PBXBuildFile; fileRef = ABA1699B13FE16790024D2E6 /* MenuIcon.icns */; };
		ABA169C21400A1150024D2E6 /* PTHotKey.m in Sources */ = {isa = PBXBuildFile; fileRef = ABA169BB1400A1150024D2E6 /* PTHotKey.m */; };
		ABA169C31400A1150024D2E6 /* PTHotKeyCenter.m in Sources */ = {isa = PBXBuildFile; fileRef = ABA169BD1400A1150024D2E6 /* PTHotKeyCenter.m */; };
		ABA169C41400A1150024D2E6 /* PTKeyCodeTranslator.m in Sources */ = {isa = PBXBuildFile; fileRef = ABA169BF1400A1150024D2E6 /* PTKeyCodeTranslator.m */; };
		ABA169C51400A1150024D2E6 /* PTKeyCombo.m in Sources */ = {isa = PBXBuildFile; fileRef = ABA169C11400A1150024D2E6 /* PTKeyCombo.m */; };
		ABA16A161400A6190024D2E6 /* SR_LeopardView.m in Sources */ = {isa = PBXBuildFile; fileRef = ABA16A101400A6190024D2E6 /* SR_LeopardView.m */; };
		ABA16A171400A6190024D2E6 /* SRCommon.m in Sources */ = {isa = PBXBuildFile; fileRef = ABA16A111400A6190024D2E6 /* SRCommon.m */; };
		ABA16A181400A6190024D2E6 /* SRKeyCodeTransformer.m in Sources */ = {isa = PBXBuildFile; fileRef = ABA16A121400A6190024D2E6 /* SRKeyCodeTransformer.m */; };
		ABA16A191400A6190024D2E6 /* SRRecorderCell.m in Sources */ = {isa = PBXBuildFile; fileRef = ABA16A131400A6190024D2E6 /* SRRecorderCell.m */; };
		ABA16A1A1400A6190024D2E6 /* SRRecorderControl.m in Sources */ = {isa = PBXBuildFile; fileRef = ABA16A141400A6190024D2E6 /* SRRecorderControl.m */; };
		ABA16A1B1400A6190024D2E6 /* SRValidator.m in Sources */ = {isa = PBXBuildFile; fileRef = ABA16A151400A6190024D2E6 /* SRValidator.m */; };
		ABA16A291400A72B0024D2E6 /* Defaults.plist in Resources */ = {isa = PBXBuildFile; fileRef = ABA16A281400A72B0024D2E6 /* Defaults.plist */; };
		ABEB0D0513E5197400ADFBE7 /* PreferencePane.xib in Resources */ = {isa = PBXBuildFile; fileRef = ABEB0D0413E5197400ADFBE7 /* PreferencePane.xib */; };
		ABF0E47F13DF9DDE00ABF313 /* Cocoa.framework in Frameworks */ = {isa = PBXBuildFile; fileRef = ABF0E47E13DF9DDE00ABF313 /* Cocoa.framework */; };
		ABF0E48913DF9DDE00ABF313 /* InfoPlist.strings in Resources */ = {isa = PBXBuildFile; fileRef = ABF0E48713DF9DDE00ABF313 /* InfoPlist.strings */; };
		ABF0E48B13DF9DDE00ABF313 /* main.m in Sources */ = {isa = PBXBuildFile; fileRef = ABF0E48A13DF9DDE00ABF313 /* main.m */; };
		ABF0E48F13DF9DDE00ABF313 /* Credits.rtf in Resources */ = {isa = PBXBuildFile; fileRef = ABF0E48D13DF9DDE00ABF313 /* Credits.rtf */; };
		ABF0E49213DF9DDE00ABF313 /* GoogleMusicKeysAppDelegate.m in Sources */ = {isa = PBXBuildFile; fileRef = ABF0E49113DF9DDE00ABF313 /* GoogleMusicKeysAppDelegate.m */; };
		ABF0E4A813DF9E3800ABF313 /* ScriptingBridge.framework in Frameworks */ = {isa = PBXBuildFile; fileRef = ABF0E4A713DF9E3800ABF313 /* ScriptingBridge.framework */; };
		ABF0E4AB13DF9EBA00ABF313 /* GoogleMusicController.m in Sources */ = {isa = PBXBuildFile; fileRef = ABF0E4AA13DF9EBA00ABF313 /* GoogleMusicController.m */; };
		ABF0E4AE13DFA72F00ABF313 /* MainMenu.xib in Resources */ = {isa = PBXBuildFile; fileRef = ABF0E4AC13DFA72E00ABF313 /* MainMenu.xib */; };
/* End PBXBuildFile section */

/* Begin PBXCopyFilesBuildPhase section */
		ABEB0D5E13E51B5700ADFBE7 /* CopyFiles */ = {
			isa = PBXCopyFilesBuildPhase;
			buildActionMask = 2147483647;
			dstPath = "";
			dstSubfolderSpec = 10;
			files = (
			);
			runOnlyForDeploymentPostprocessing = 0;
		};
/* End PBXCopyFilesBuildPhase section */

/* Begin PBXFileReference section */
		AB5DC91413DFA9F40092D43B /* FireFox.h */ = {isa = PBXFileReference; fileEncoding = 4; lastKnownFileType = sourcecode.c.h; path = FireFox.h; sourceTree = "<group>"; };
		AB5DC91A13DFAB530092D43B /* Carbon.framework */ = {isa = PBXFileReference; lastKnownFileType = wrapper.framework; name = Carbon.framework; path = System/Library/Frameworks/Carbon.framework; sourceTree = SDKROOT; };
		AB5DC91D13DFADED0092D43B /* ShortcutRecorder.h */ = {isa = PBXFileReference; fileEncoding = 4; lastKnownFileType = sourcecode.c.h; path = ShortcutRecorder.h; sourceTree = "<group>"; };
		AB5DC91E13DFADED0092D43B /* SR_LeopardView.h */ = {isa = PBXFileReference; fileEncoding = 4; lastKnownFileType = sourcecode.c.h; path = SR_LeopardView.h; sourceTree = "<group>"; };
		AB5DC92013DFADED0092D43B /* SRCommon.h */ = {isa = PBXFileReference; fileEncoding = 4; lastKnownFileType = sourcecode.c.h; path = SRCommon.h; sourceTree = "<group>"; };
		AB5DC92213DFADED0092D43B /* SRKeyCodeTransformer.h */ = {isa = PBXFileReference; fileEncoding = 4; lastKnownFileType = sourcecode.c.h; path = SRKeyCodeTransformer.h; sourceTree = "<group>"; };
		AB5DC92413DFADED0092D43B /* SRRecorderCell.h */ = {isa = PBXFileReference; fileEncoding = 4; lastKnownFileType = sourcecode.c.h; path = SRRecorderCell.h; sourceTree = "<group>"; };
		AB5DC92613DFADED0092D43B /* SRRecorderControl.h */ = {isa = PBXFileReference; fileEncoding = 4; lastKnownFileType = sourcecode.c.h; path = SRRecorderControl.h; sourceTree = "<group>"; };
		AB5DC92813DFADED0092D43B /* SRValidator.h */ = {isa = PBXFileReference; fileEncoding = 4; lastKnownFileType = sourcecode.c.h; path = SRValidator.h; sourceTree = "<group>"; };
		AB5DC93013DFAE190092D43B /* GMKApplication.h */ = {isa = PBXFileReference; fileEncoding = 4; lastKnownFileType = sourcecode.c.h; path = GMKApplication.h; sourceTree = "<group>"; };
		AB5DC93113DFAE190092D43B /* GMKApplication.m */ = {isa = PBXFileReference; fileEncoding = 4; lastKnownFileType = sourcecode.c.objc; path = GMKApplication.m; sourceTree = "<group>"; };
		AB81362A13E484B40062D81A /* MAAttachedWindow.h */ = {isa = PBXFileReference; fileEncoding = 4; lastKnownFileType = sourcecode.c.h; path = MAAttachedWindow.h; sourceTree = "<group>"; };
		AB81362B13E484B40062D81A /* MAAttachedWindow.m */ = {isa = PBXFileReference; fileEncoding = 4; lastKnownFileType = sourcecode.c.objc; path = MAAttachedWindow.m; sourceTree = "<group>"; };
		ABA168D413FE096C0024D2E6 /* MenuIcon.png */ = {isa = PBXFileReference; lastKnownFileType = image.png; path = MenuIcon.png; sourceTree = "<group>"; };
		ABA1699B13FE16790024D2E6 /* MenuIcon.icns */ = {isa = PBXFileReference; lastKnownFileType = image.icns; path = MenuIcon.icns; sourceTree = "<group>"; };
		ABA169BA1400A1150024D2E6 /* PTHotKey.h */ = {isa = PBXFileReference; fileEncoding = 4; lastKnownFileType = sourcecode.c.h; path = PTHotKey.h; sourceTree = "<group>"; };
		ABA169BB1400A1150024D2E6 /* PTHotKey.m */ = {isa = PBXFileReference; fileEncoding = 4; lastKnownFileType = sourcecode.c.objc; path = PTHotKey.m; sourceTree = "<group>"; };
		ABA169BC1400A1150024D2E6 /* PTHotKeyCenter.h */ = {isa = PBXFileReference; fileEncoding = 4; lastKnownFileType = sourcecode.c.h; path = PTHotKeyCenter.h; sourceTree = "<group>"; };
		ABA169BD1400A1150024D2E6 /* PTHotKeyCenter.m */ = {isa = PBXFileReference; fileEncoding = 4; lastKnownFileType = sourcecode.c.objc; path = PTHotKeyCenter.m; sourceTree = "<group>"; };
		ABA169BE1400A1150024D2E6 /* PTKeyCodeTranslator.h */ = {isa = PBXFileReference; fileEncoding = 4; lastKnownFileType = sourcecode.c.h; path = PTKeyCodeTranslator.h; sourceTree = "<group>"; };
		ABA169BF1400A1150024D2E6 /* PTKeyCodeTranslator.m */ = {isa = PBXFileReference; fileEncoding = 4; lastKnownFileType = sourcecode.c.objc; path = PTKeyCodeTranslator.m; sourceTree = "<group>"; };
		ABA169C01400A1150024D2E6 /* PTKeyCombo.h */ = {isa = PBXFileReference; fileEncoding = 4; lastKnownFileType = sourcecode.c.h; path = PTKeyCombo.h; sourceTree = "<group>"; };
		ABA169C11400A1150024D2E6 /* PTKeyCombo.m */ = {isa = PBXFileReference; fileEncoding = 4; lastKnownFileType = sourcecode.c.objc; path = PTKeyCombo.m; sourceTree = "<group>"; };
		ABA16A101400A6190024D2E6 /* SR_LeopardView.m */ = {isa = PBXFileReference; fileEncoding = 4; lastKnownFileType = sourcecode.c.objc; path = SR_LeopardView.m; sourceTree = "<group>"; };
		ABA16A111400A6190024D2E6 /* SRCommon.m */ = {isa = PBXFileReference; fileEncoding = 4; lastKnownFileType = sourcecode.c.objc; path = SRCommon.m; sourceTree = "<group>"; };
		ABA16A121400A6190024D2E6 /* SRKeyCodeTransformer.m */ = {isa = PBXFileReference; fileEncoding = 4; lastKnownFileType = sourcecode.c.objc; path = SRKeyCodeTransformer.m; sourceTree = "<group>"; };
		ABA16A131400A6190024D2E6 /* SRRecorderCell.m */ = {isa = PBXFileReference; fileEncoding = 4; lastKnownFileType = sourcecode.c.objc; path = SRRecorderCell.m; sourceTree = "<group>"; };
		ABA16A141400A6190024D2E6 /* SRRecorderControl.m */ = {isa = PBXFileReference; fileEncoding = 4; lastKnownFileType = sourcecode.c.objc; path = SRRecorderControl.m; sourceTree = "<group>"; };
		ABA16A151400A6190024D2E6 /* SRValidator.m */ = {isa = PBXFileReference; fileEncoding = 4; lastKnownFileType = sourcecode.c.objc; path = SRValidator.m; sourceTree = "<group>"; };
		ABA16A281400A72B0024D2E6 /* Defaults.plist */ = {isa = PBXFileReference; fileEncoding = 4; lastKnownFileType = text.plist.xml; path = Defaults.plist; sourceTree = "<group>"; };
		ABEB0D0413E5197400ADFBE7 /* PreferencePane.xib */ = {isa = PBXFileReference; lastKnownFileType = file.xib; path = PreferencePane.xib; sourceTree = "<group>"; };
		ABF0E47A13DF9DDE00ABF313 /* GoogleMusicKeys.app */ = {isa = PBXFileReference; explicitFileType = wrapper.application; includeInIndex = 0; path = GoogleMusicKeys.app; sourceTree = BUILT_PRODUCTS_DIR; };
		ABF0E47E13DF9DDE00ABF313 /* Cocoa.framework */ = {isa = PBXFileReference; lastKnownFileType = wrapper.framework; name = Cocoa.framework; path = System/Library/Frameworks/Cocoa.framework; sourceTree = SDKROOT; };
		ABF0E48113DF9DDE00ABF313 /* AppKit.framework */ = {isa = PBXFileReference; lastKnownFileType = wrapper.framework; name = AppKit.framework; path = System/Library/Frameworks/AppKit.framework; sourceTree = SDKROOT; };
		ABF0E48213DF9DDE00ABF313 /* CoreData.framework */ = {isa = PBXFileReference; lastKnownFileType = wrapper.framework; name = CoreData.framework; path = System/Library/Frameworks/CoreData.framework; sourceTree = SDKROOT; };
		ABF0E48313DF9DDE00ABF313 /* Foundation.framework */ = {isa = PBXFileReference; lastKnownFileType = wrapper.framework; name = Foundation.framework; path = System/Library/Frameworks/Foundation.framework; sourceTree = SDKROOT; };
		ABF0E48613DF9DDE00ABF313 /* GoogleMusicKeys-Info.plist */ = {isa = PBXFileReference; lastKnownFileType = text.plist.xml; path = "GoogleMusicKeys-Info.plist"; sourceTree = "<group>"; };
		ABF0E48813DF9DDE00ABF313 /* en */ = {isa = PBXFileReference; lastKnownFileType = text.plist.strings; name = en; path = en.lproj/InfoPlist.strings; sourceTree = "<group>"; };
		ABF0E48A13DF9DDE00ABF313 /* main.m */ = {isa = PBXFileReference; lastKnownFileType = sourcecode.c.objc; path = main.m; sourceTree = "<group>"; };
		ABF0E48C13DF9DDE00ABF313 /* GoogleMusicKeys-Prefix.pch */ = {isa = PBXFileReference; lastKnownFileType = sourcecode.c.h; path = "GoogleMusicKeys-Prefix.pch"; sourceTree = "<group>"; };
		ABF0E48E13DF9DDE00ABF313 /* en */ = {isa = PBXFileReference; lastKnownFileType = text.rtf; name = en; path = en.lproj/Credits.rtf; sourceTree = "<group>"; };
		ABF0E49013DF9DDE00ABF313 /* GoogleMusicKeysAppDelegate.h */ = {isa = PBXFileReference; lastKnownFileType = sourcecode.c.h; path = GoogleMusicKeysAppDelegate.h; sourceTree = "<group>"; };
		ABF0E49113DF9DDE00ABF313 /* GoogleMusicKeysAppDelegate.m */ = {isa = PBXFileReference; lastKnownFileType = sourcecode.c.objc; path = GoogleMusicKeysAppDelegate.m; sourceTree = "<group>"; };
		ABF0E4A413DF9E1700ABF313 /* Chrome.h */ = {isa = PBXFileReference; fileEncoding = 4; lastKnownFileType = sourcecode.c.h; path = Chrome.h; sourceTree = "<group>"; };
		ABF0E4A513DF9E1700ABF313 /* Safari.h */ = {isa = PBXFileReference; fileEncoding = 4; lastKnownFileType = sourcecode.c.h; path = Safari.h; sourceTree = "<group>"; };
		ABF0E4A713DF9E3800ABF313 /* ScriptingBridge.framework */ = {isa = PBXFileReference; lastKnownFileType = wrapper.framework; name = ScriptingBridge.framework; path = System/Library/Frameworks/ScriptingBridge.framework; sourceTree = SDKROOT; };
		ABF0E4A913DF9EBA00ABF313 /* GoogleMusicController.h */ = {isa = PBXFileReference; fileEncoding = 4; lastKnownFileType = sourcecode.c.h; path = GoogleMusicController.h; sourceTree = "<group>"; };
		ABF0E4AA13DF9EBA00ABF313 /* GoogleMusicController.m */ = {isa = PBXFileReference; fileEncoding = 4; lastKnownFileType = sourcecode.c.objc; path = GoogleMusicController.m; sourceTree = "<group>"; };
		ABF0E4AC13DFA72E00ABF313 /* MainMenu.xib */ = {isa = PBXFileReference; fileEncoding = 4; lastKnownFileType = file.xib; path = MainMenu.xib; sourceTree = "<group>"; };
/* End PBXFileReference section */

/* Begin PBXFrameworksBuildPhase section */
		ABF0E47713DF9DDE00ABF313 /* Frameworks */ = {
			isa = PBXFrameworksBuildPhase;
			buildActionMask = 2147483647;
			files = (
				AB5DC91B13DFAB530092D43B /* Carbon.framework in Frameworks */,
				ABF0E4A813DF9E3800ABF313 /* ScriptingBridge.framework in Frameworks */,
				ABF0E47F13DF9DDE00ABF313 /* Cocoa.framework in Frameworks */,
			);
			runOnlyForDeploymentPostprocessing = 0;
		};
/* End PBXFrameworksBuildPhase section */

/* Begin PBXGroup section */
		AB5DC91C13DFADED0092D43B /* ShortcutRecorder */ = {
			isa = PBXGroup;
			children = (
				ABA16A101400A6190024D2E6 /* SR_LeopardView.m */,
				ABA16A111400A6190024D2E6 /* SRCommon.m */,
				ABA16A121400A6190024D2E6 /* SRKeyCodeTransformer.m */,
				ABA16A131400A6190024D2E6 /* SRRecorderCell.m */,
				ABA16A141400A6190024D2E6 /* SRRecorderControl.m */,
				ABA16A151400A6190024D2E6 /* SRValidator.m */,
				AB5DC91D13DFADED0092D43B /* ShortcutRecorder.h */,
				AB5DC91E13DFADED0092D43B /* SR_LeopardView.h */,
				AB5DC92013DFADED0092D43B /* SRCommon.h */,
				AB5DC92213DFADED0092D43B /* SRKeyCodeTransformer.h */,
				AB5DC92413DFADED0092D43B /* SRRecorderCell.h */,
				AB5DC92613DFADED0092D43B /* SRRecorderControl.h */,
				AB5DC92813DFADED0092D43B /* SRValidator.h */,
			);
			path = ShortcutRecorder;
			sourceTree = "<group>";
		};
		ABA169B91400A1150024D2E6 /* HotKey */ = {
			isa = PBXGroup;
			children = (
				ABA169BA1400A1150024D2E6 /* PTHotKey.h */,
				ABA169BB1400A1150024D2E6 /* PTHotKey.m */,
				ABA169BC1400A1150024D2E6 /* PTHotKeyCenter.h */,
				ABA169BD1400A1150024D2E6 /* PTHotKeyCenter.m */,
				ABA169BE1400A1150024D2E6 /* PTKeyCodeTranslator.h */,
				ABA169BF1400A1150024D2E6 /* PTKeyCodeTranslator.m */,
				ABA169C01400A1150024D2E6 /* PTKeyCombo.h */,
				ABA169C11400A1150024D2E6 /* PTKeyCombo.m */,
			);
			path = HotKey;
			sourceTree = "<group>";
		};
		ABF0E46F13DF9DDE00ABF313 = {
			isa = PBXGroup;
			children = (
				ABA169B91400A1150024D2E6 /* HotKey */,
				AB5DC91C13DFADED0092D43B /* ShortcutRecorder */,
				ABF0E4A313DF9E1700ABF313 /* BridgeHeaders */,
				ABF0E48413DF9DDE00ABF313 /* GoogleMusicKeys */,
				ABF0E47D13DF9DDE00ABF313 /* Frameworks */,
				ABF0E47B13DF9DDE00ABF313 /* Products */,
			);
			sourceTree = "<group>";
		};
		ABF0E47B13DF9DDE00ABF313 /* Products */ = {
			isa = PBXGroup;
			children = (
				ABF0E47A13DF9DDE00ABF313 /* GoogleMusicKeys.app */,
			);
			name = Products;
			sourceTree = "<group>";
		};
		ABF0E47D13DF9DDE00ABF313 /* Frameworks */ = {
			isa = PBXGroup;
			children = (
				AB5DC91A13DFAB530092D43B /* Carbon.framework */,
				ABF0E4A713DF9E3800ABF313 /* ScriptingBridge.framework */,
				ABF0E47E13DF9DDE00ABF313 /* Cocoa.framework */,
				ABF0E48013DF9DDE00ABF313 /* Other Frameworks */,
			);
			name = Frameworks;
			sourceTree = "<group>";
		};
		ABF0E48013DF9DDE00ABF313 /* Other Frameworks */ = {
			isa = PBXGroup;
			children = (
				ABF0E48113DF9DDE00ABF313 /* AppKit.framework */,
				ABF0E48213DF9DDE00ABF313 /* CoreData.framework */,
				ABF0E48313DF9DDE00ABF313 /* Foundation.framework */,
			);
			name = "Other Frameworks";
			sourceTree = "<group>";
		};
		ABF0E48413DF9DDE00ABF313 /* GoogleMusicKeys */ = {
			isa = PBXGroup;
			children = (
				ABEB0D0413E5197400ADFBE7 /* PreferencePane.xib */,
				ABF0E4AC13DFA72E00ABF313 /* MainMenu.xib */,
				AB81362A13E484B40062D81A /* MAAttachedWindow.h */,
				AB81362B13E484B40062D81A /* MAAttachedWindow.m */,
				AB5DC93013DFAE190092D43B /* GMKApplication.h */,
				AB5DC93113DFAE190092D43B /* GMKApplication.m */,
				ABF0E49013DF9DDE00ABF313 /* GoogleMusicKeysAppDelegate.h */,
				ABF0E49113DF9DDE00ABF313 /* GoogleMusicKeysAppDelegate.m */,
				ABF0E4A913DF9EBA00ABF313 /* GoogleMusicController.h */,
				ABF0E4AA13DF9EBA00ABF313 /* GoogleMusicController.m */,
				ABF0E48513DF9DDE00ABF313 /* Supporting Files */,
			);
			path = GoogleMusicKeys;
			sourceTree = "<group>";
		};
		ABF0E48513DF9DDE00ABF313 /* Supporting Files */ = {
			isa = PBXGroup;
			children = (
				ABA1699B13FE16790024D2E6 /* MenuIcon.icns */,
				ABA168D413FE096C0024D2E6 /* MenuIcon.png */,
				ABA16A281400A72B0024D2E6 /* Defaults.plist */,
				ABF0E48613DF9DDE00ABF313 /* GoogleMusicKeys-Info.plist */,
				ABF0E48713DF9DDE00ABF313 /* InfoPlist.strings */,
				ABF0E48A13DF9DDE00ABF313 /* main.m */,
				ABF0E48C13DF9DDE00ABF313 /* GoogleMusicKeys-Prefix.pch */,
				ABF0E48D13DF9DDE00ABF313 /* Credits.rtf */,
			);
			name = "Supporting Files";
			sourceTree = "<group>";
		};
		ABF0E4A313DF9E1700ABF313 /* BridgeHeaders */ = {
			isa = PBXGroup;
			children = (
				ABF0E4A413DF9E1700ABF313 /* Chrome.h */,
				AB5DC91413DFA9F40092D43B /* FireFox.h */,
				ABF0E4A513DF9E1700ABF313 /* Safari.h */,
			);
			path = BridgeHeaders;
			sourceTree = "<group>";
		};
/* End PBXGroup section */

/* Begin PBXNativeTarget section */
		ABF0E47913DF9DDE00ABF313 /* GoogleMusicKeys */ = {
			isa = PBXNativeTarget;
			buildConfigurationList = ABF0E49813DF9DDF00ABF313 /* Build configuration list for PBXNativeTarget "GoogleMusicKeys" */;
			buildPhases = (
				ABF0E47613DF9DDE00ABF313 /* Sources */,
				ABF0E47713DF9DDE00ABF313 /* Frameworks */,
				ABF0E47813DF9DDE00ABF313 /* Resources */,
				ABEB0D5E13E51B5700ADFBE7 /* CopyFiles */,
			);
			buildRules = (
			);
			dependencies = (
			);
			name = GoogleMusicKeys;
			productName = GoogleMusicKeys;
			productReference = ABF0E47A13DF9DDE00ABF313 /* GoogleMusicKeys.app */;
			productType = "com.apple.product-type.application";
		};
/* End PBXNativeTarget section */

/* Begin PBXProject section */
		ABF0E47113DF9DDE00ABF313 /* Project object */ = {
			isa = PBXProject;
			buildConfigurationList = ABF0E47413DF9DDE00ABF313 /* Build configuration list for PBXProject "GoogleMusicKeys" */;
			compatibilityVersion = "Xcode 3.2";
			developmentRegion = English;
			hasScannedForEncodings = 0;
			knownRegions = (
				en,
			);
			mainGroup = ABF0E46F13DF9DDE00ABF313;
			productRefGroup = ABF0E47B13DF9DDE00ABF313 /* Products */;
			projectDirPath = "";
			projectRoot = "";
			targets = (
				ABF0E47913DF9DDE00ABF313 /* GoogleMusicKeys */,
			);
		};
/* End PBXProject section */

/* Begin PBXResourcesBuildPhase section */
		ABF0E47813DF9DDE00ABF313 /* Resources */ = {
			isa = PBXResourcesBuildPhase;
			buildActionMask = 2147483647;
			files = (
				ABF0E48913DF9DDE00ABF313 /* InfoPlist.strings in Resources */,
				ABF0E48F13DF9DDE00ABF313 /* Credits.rtf in Resources */,
				ABF0E4AE13DFA72F00ABF313 /* MainMenu.xib in Resources */,
				ABEB0D0513E5197400ADFBE7 /* PreferencePane.xib in Resources */,
				ABA168D513FE096C0024D2E6 /* MenuIcon.png in Resources */,
				ABA1699C13FE16790024D2E6 /* MenuIcon.icns in Resources */,
				ABA16A291400A72B0024D2E6 /* Defaults.plist in Resources */,
			);
			runOnlyForDeploymentPostprocessing = 0;
		};
/* End PBXResourcesBuildPhase section */

/* Begin PBXSourcesBuildPhase section */
		ABF0E47613DF9DDE00ABF313 /* Sources */ = {
			isa = PBXSourcesBuildPhase;
			buildActionMask = 2147483647;
			files = (
				ABF0E48B13DF9DDE00ABF313 /* main.m in Sources */,
				ABF0E49213DF9DDE00ABF313 /* GoogleMusicKeysAppDelegate.m in Sources */,
				ABF0E4AB13DF9EBA00ABF313 /* GoogleMusicController.m in Sources */,
				AB5DC93213DFAE190092D43B /* GMKApplication.m in Sources */,
				AB81362C13E484B40062D81A /* MAAttachedWindow.m in Sources */,
				ABA169C21400A1150024D2E6 /* PTHotKey.m in Sources */,
				ABA169C31400A1150024D2E6 /* PTHotKeyCenter.m in Sources */,
				ABA169C41400A1150024D2E6 /* PTKeyCodeTranslator.m in Sources */,
				ABA169C51400A1150024D2E6 /* PTKeyCombo.m in Sources */,
				ABA16A161400A6190024D2E6 /* SR_LeopardView.m in Sources */,
				ABA16A171400A6190024D2E6 /* SRCommon.m in Sources */,
				ABA16A181400A6190024D2E6 /* SRKeyCodeTransformer.m in Sources */,
				ABA16A191400A6190024D2E6 /* SRRecorderCell.m in Sources */,
				ABA16A1A1400A6190024D2E6 /* SRRecorderControl.m in Sources */,
				ABA16A1B1400A6190024D2E6 /* SRValidator.m in Sources */,
			);
			runOnlyForDeploymentPostprocessing = 0;
		};
/* End PBXSourcesBuildPhase section */

/* Begin PBXVariantGroup section */
		ABF0E48713DF9DDE00ABF313 /* InfoPlist.strings */ = {
			isa = PBXVariantGroup;
			children = (
				ABF0E48813DF9DDE00ABF313 /* en */,
			);
			name = InfoPlist.strings;
			sourceTree = "<group>";
		};
		ABF0E48D13DF9DDE00ABF313 /* Credits.rtf */ = {
			isa = PBXVariantGroup;
			children = (
				ABF0E48E13DF9DDE00ABF313 /* en */,
			);
			name = Credits.rtf;
			sourceTree = "<group>";
		};
/* End PBXVariantGroup section */

/* Begin XCBuildConfiguration section */
		ABF0E49613DF9DDF00ABF313 /* Debug */ = {
			isa = XCBuildConfiguration;
			buildSettings = {
				ALWAYS_SEARCH_USER_PATHS = NO;
				ARCHS = "$(ARCHS_STANDARD_64_BIT)";
				COPY_PHASE_STRIP = NO;
				GCC_C_LANGUAGE_STANDARD = gnu99;
				GCC_DYNAMIC_NO_PIC = NO;
				GCC_ENABLE_OBJC_EXCEPTIONS = YES;
				GCC_OPTIMIZATION_LEVEL = 0;
				GCC_PREPROCESSOR_DEFINITIONS = (
					"DEBUG=1",
					"$(inherited)",
				);
				GCC_SYMBOLS_PRIVATE_EXTERN = NO;
				GCC_VERSION = com.apple.compilers.llvm.clang.1_0;
				GCC_WARN_64_TO_32_BIT_CONVERSION = YES;
				GCC_WARN_ABOUT_MISSING_PROTOTYPES = YES;
				GCC_WARN_ABOUT_RETURN_TYPE = YES;
				GCC_WARN_UNUSED_VARIABLE = YES;
				MACOSX_DEPLOYMENT_TARGET = 10.7;
				ONLY_ACTIVE_ARCH = YES;
				SDKROOT = macosx;
			};
			name = Debug;
		};
		ABF0E49713DF9DDF00ABF313 /* Release */ = {
			isa = XCBuildConfiguration;
			buildSettings = {
				ALWAYS_SEARCH_USER_PATHS = NO;
				ARCHS = "$(ARCHS_STANDARD_64_BIT)";
				COPY_PHASE_STRIP = YES;
				DEBUG_INFORMATION_FORMAT = "dwarf-with-dsym";
				GCC_C_LANGUAGE_STANDARD = gnu99;
				GCC_ENABLE_OBJC_EXCEPTIONS = YES;
				GCC_VERSION = com.apple.compilers.llvm.clang.1_0;
				GCC_WARN_64_TO_32_BIT_CONVERSION = YES;
				GCC_WARN_ABOUT_MISSING_PROTOTYPES = YES;
				GCC_WARN_ABOUT_RETURN_TYPE = YES;
				GCC_WARN_UNUSED_VARIABLE = YES;
				MACOSX_DEPLOYMENT_TARGET = 10.7;
				SDKROOT = macosx;
			};
			name = Release;
		};
		ABF0E49913DF9DDF00ABF313 /* Debug */ = {
			isa = XCBuildConfiguration;
			buildSettings = {
				FRAMEWORK_SEARCH_PATHS = (
					"$(inherited)",
					"\"$(SRCROOT)\"",
				);
				GCC_PRECOMPILE_PREFIX_HEADER = YES;
				GCC_PREFIX_HEADER = "GoogleMusicKeys/GoogleMusicKeys-Prefix.pch";
				INFOPLIST_FILE = "GoogleMusicKeys/GoogleMusicKeys-Info.plist";
				PRODUCT_NAME = "$(TARGET_NAME)";
				WRAPPER_EXTENSION = app;
			};
			name = Debug;
		};
		ABF0E49A13DF9DDF00ABF313 /* Release */ = {
			isa = XCBuildConfiguration;
			buildSettings = {
				FRAMEWORK_SEARCH_PATHS = (
					"$(inherited)",
					"\"$(SRCROOT)\"",
				);
				GCC_PRECOMPILE_PREFIX_HEADER = YES;
				GCC_PREFIX_HEADER = "GoogleMusicKeys/GoogleMusicKeys-Prefix.pch";
				INFOPLIST_FILE = "GoogleMusicKeys/GoogleMusicKeys-Info.plist";
				PRODUCT_NAME = "$(TARGET_NAME)";
				WRAPPER_EXTENSION = app;
			};
			name = Release;
		};
/* End XCBuildConfiguration section */

/* Begin XCConfigurationList section */
		ABF0E47413DF9DDE00ABF313 /* Build configuration list for PBXProject "GoogleMusicKeys" */ = {
			isa = XCConfigurationList;
			buildConfigurations = (
				ABF0E49613DF9DDF00ABF313 /* Debug */,
				ABF0E49713DF9DDF00ABF313 /* Release */,
			);
			defaultConfigurationIsVisible = 0;
			defaultConfigurationName = Release;
		};
		ABF0E49813DF9DDF00ABF313 /* Build configuration list for PBXNativeTarget "GoogleMusicKeys" */ = {
			isa = XCConfigurationList;
			buildConfigurations = (
				ABF0E49913DF9DDF00ABF313 /* Debug */,
				ABF0E49A13DF9DDF00ABF313 /* Release */,
			);
			defaultConfigurationIsVisible = 0;
			defaultConfigurationName = Release;
		};
/* End XCConfigurationList section */
	};
	rootObject = ABF0E47113DF9DDE00ABF313 /* Project object */;
}
